
Microsoft Visual Studio Solution File, Format Version 12.00
# Visual Studio Version 16
VisualStudioVersion = 16.0.29111.141
MinimumVisualStudioVersion = 10.0.40219.1
Project("{9A19103F-16F7-4668-BE54-9A1E7A4F7556}") = "XGraphics.XamarinForms", "XGraphics.XamarinForms\XGraphics.XamarinForms.csproj", "{D987324D-A62B-4510-AFD2-B24305FDC040}"
EndProject
Project("{FAE04EC0-301F-11D3-BF4B-00C04F79EFBC}") = "XGraphics.WPF", "XGraphics.WPF\XGraphics.WPF.csproj", "{CFC466C2-98C4-4D48-A9AC-97EF60FC96B2}"
EndProject
Project("{9A19103F-16F7-4668-BE54-9A1E7A4F7556}") = "XGraphics.DataModelGenerator", "XGraphics.DataModelGenerator\XGraphics.DataModelGenerator.csproj", "{BDBD5F38-0E5D-4B8B-ABB7-5BE3F4FEA3E4}"
EndProject
Project("{2150E333-8FDC-42A3-9474-1A3956D46DE8}") = "Samples", "Samples", "{0F975378-AC67-46E5-B91A-53B6783E4D74}"
EndProject
Project("{FAE04EC0-301F-11D3-BF4B-00C04F79EFBC}") = "WPFDemo", "Samples\WPFDemo\WPFDemo.csproj", "{5E2CFCAD-0EE9-415C-91D6-91BB61F38590}"
EndProject
Project("{2150E333-8FDC-42A3-9474-1A3956D46DE8}") = "SkiaRenderer", "SkiaRenderer", "{21C506D4-5F8A-4E85-A076-A8591E09F1CF}"
EndProject
Project("{9A19103F-16F7-4668-BE54-9A1E7A4F7556}") = "XGraphics.Renderer.Skia", "SkiaRenderer\XGraphics.Renderer.Skia\XGraphics.Renderer.Skia.csproj", "{1711024C-8BAB-4B17-8673-E162957757D9}"
EndProject
Project("{FAE04EC0-301F-11D3-BF4B-00C04F79EFBC}") = "XGraphics.Renderer.Skia.Android", "SkiaRenderer\XGraphics.Renderer.Skia.Android\XGraphics.Renderer.Skia.Android.csproj", "{D0C1022E-11A8-4B7C-ABB5-2E3DCF23D222}"
EndProject
Project("{FAE04EC0-301F-11D3-BF4B-00C04F79EFBC}") = "XGraphics.XamarinForms.Android", "XGraphics.XamarinForms.Android\XGraphics.XamarinForms.Android.csproj", "{62D46DFF-52C2-418E-AC24-21FED581D14F}"
EndProject
Project("{FAE04EC0-301F-11D3-BF4B-00C04F79EFBC}") = "XamarinFormsDemo.Android", "Samples\XamarinFormsDemo\XamarinFormsDemo.Android\XamarinFormsDemo.Android.csproj", "{1562ECF4-28F5-4929-A5C3-DE1B915F18D3}"
EndProject
Project("{FAE04EC0-301F-11D3-BF4B-00C04F79EFBC}") = "XamarinFormsDemo.iOS", "Samples\XamarinFormsDemo\XamarinFormsDemo.iOS\XamarinFormsDemo.iOS.csproj", "{0BBA6353-CE00-417A-A348-795DDEB9232A}"
EndProject
Project("{9A19103F-16F7-4668-BE54-9A1E7A4F7556}") = "XamarinFormsDemo", "Samples\XamarinFormsDemo\XamarinFormsDemo\XamarinFormsDemo.csproj", "{7089448D-78DC-4507-8DC0-D05F58261B42}"
EndProject
Project("{9A19103F-16F7-4668-BE54-9A1E7A4F7556}") = "XGraphics", "XGraphics\XGraphics.csproj", "{71395577-42C4-4A87-A0E1-2519E10EF2C4}"
EndProject
Project("{2150E333-8FDC-42A3-9474-1A3956D46DE8}") = "XamarinFormsDemo", "XamarinFormsDemo", "{9C127D4A-C79A-4ACE-99D3-62F1543332A0}"
EndProject
Project("{FAE04EC0-301F-11D3-BF4B-00C04F79EFBC}") = "XGraphics.Renderer.Skia.iOS", "SkiaRenderer\XGraphics.Renderer.Skia.iOS\XGraphics.Renderer.Skia.iOS.csproj", "{F42B0187-3815-4FE8-B8AD-B5C94656416F}"
EndProject
Project("{FAE04EC0-301F-11D3-BF4B-00C04F79EFBC}") = "XGraphics.XamarinForms.iOS", "XGraphics.XamarinForms.iOS\XGraphics.XamarinForms.iOS.csproj", "{4B9D0B83-5002-4D51-B65C-5D2DB80F016D}"
EndProject
Global
	GlobalSection(SolutionConfigurationPlatforms) = preSolution
		Debug|Any CPU = Debug|Any CPU
		Debug|ARM = Debug|ARM
		Debug|ARM64 = Debug|ARM64
		Debug|iPhone = Debug|iPhone
		Debug|iPhoneSimulator = Debug|iPhoneSimulator
		Debug|x64 = Debug|x64
		Debug|x86 = Debug|x86
		Release|Any CPU = Release|Any CPU
		Release|ARM = Release|ARM
		Release|ARM64 = Release|ARM64
		Release|iPhone = Release|iPhone
		Release|iPhoneSimulator = Release|iPhoneSimulator
		Release|x64 = Release|x64
		Release|x86 = Release|x86
	EndGlobalSection
	GlobalSection(ProjectConfigurationPlatforms) = postSolution
		{D987324D-A62B-4510-AFD2-B24305FDC040}.Debug|Any CPU.ActiveCfg = Debug|Any CPU
		{D987324D-A62B-4510-AFD2-B24305FDC040}.Debug|Any CPU.Build.0 = Debug|Any CPU
		{D987324D-A62B-4510-AFD2-B24305FDC040}.Debug|ARM.ActiveCfg = Debug|Any CPU
		{D987324D-A62B-4510-AFD2-B24305FDC040}.Debug|ARM.Build.0 = Debug|Any CPU
		{D987324D-A62B-4510-AFD2-B24305FDC040}.Debug|ARM64.ActiveCfg = Debug|Any CPU
		{D987324D-A62B-4510-AFD2-B24305FDC040}.Debug|ARM64.Build.0 = Debug|Any CPU
		{D987324D-A62B-4510-AFD2-B24305FDC040}.Debug|iPhone.ActiveCfg = Debug|Any CPU
		{D987324D-A62B-4510-AFD2-B24305FDC040}.Debug|iPhone.Build.0 = Debug|Any CPU
		{D987324D-A62B-4510-AFD2-B24305FDC040}.Debug|iPhoneSimulator.ActiveCfg = Debug|Any CPU
		{D987324D-A62B-4510-AFD2-B24305FDC040}.Debug|iPhoneSimulator.Build.0 = Debug|Any CPU
		{D987324D-A62B-4510-AFD2-B24305FDC040}.Debug|x64.ActiveCfg = Debug|Any CPU
		{D987324D-A62B-4510-AFD2-B24305FDC040}.Debug|x64.Build.0 = Debug|Any CPU
		{D987324D-A62B-4510-AFD2-B24305FDC040}.Debug|x86.ActiveCfg = Debug|Any CPU
		{D987324D-A62B-4510-AFD2-B24305FDC040}.Debug|x86.Build.0 = Debug|Any CPU
		{D987324D-A62B-4510-AFD2-B24305FDC040}.Release|Any CPU.ActiveCfg = Release|Any CPU
		{D987324D-A62B-4510-AFD2-B24305FDC040}.Release|Any CPU.Build.0 = Release|Any CPU
		{D987324D-A62B-4510-AFD2-B24305FDC040}.Release|ARM.ActiveCfg = Release|Any CPU
		{D987324D-A62B-4510-AFD2-B24305FDC040}.Release|ARM.Build.0 = Release|Any CPU
		{D987324D-A62B-4510-AFD2-B24305FDC040}.Release|ARM64.ActiveCfg = Release|Any CPU
		{D987324D-A62B-4510-AFD2-B24305FDC040}.Release|ARM64.Build.0 = Release|Any CPU
		{D987324D-A62B-4510-AFD2-B24305FDC040}.Release|iPhone.ActiveCfg = Release|Any CPU
		{D987324D-A62B-4510-AFD2-B24305FDC040}.Release|iPhone.Build.0 = Release|Any CPU
		{D987324D-A62B-4510-AFD2-B24305FDC040}.Release|iPhoneSimulator.ActiveCfg = Release|Any CPU
		{D987324D-A62B-4510-AFD2-B24305FDC040}.Release|iPhoneSimulator.Build.0 = Release|Any CPU
		{D987324D-A62B-4510-AFD2-B24305FDC040}.Release|x64.ActiveCfg = Release|Any CPU
		{D987324D-A62B-4510-AFD2-B24305FDC040}.Release|x64.Build.0 = Release|Any CPU
		{D987324D-A62B-4510-AFD2-B24305FDC040}.Release|x86.ActiveCfg = Release|Any CPU
		{D987324D-A62B-4510-AFD2-B24305FDC040}.Release|x86.Build.0 = Release|Any CPU
		{CFC466C2-98C4-4D48-A9AC-97EF60FC96B2}.Debug|Any CPU.ActiveCfg = Debug|Any CPU
		{CFC466C2-98C4-4D48-A9AC-97EF60FC96B2}.Debug|Any CPU.Build.0 = Debug|Any CPU
		{CFC466C2-98C4-4D48-A9AC-97EF60FC96B2}.Debug|ARM.ActiveCfg = Debug|Any CPU
		{CFC466C2-98C4-4D48-A9AC-97EF60FC96B2}.Debug|ARM.Build.0 = Debug|Any CPU
		{CFC466C2-98C4-4D48-A9AC-97EF60FC96B2}.Debug|ARM64.ActiveCfg = Debug|Any CPU
		{CFC466C2-98C4-4D48-A9AC-97EF60FC96B2}.Debug|ARM64.Build.0 = Debug|Any CPU
		{CFC466C2-98C4-4D48-A9AC-97EF60FC96B2}.Debug|iPhone.ActiveCfg = Debug|Any CPU
		{CFC466C2-98C4-4D48-A9AC-97EF60FC96B2}.Debug|iPhone.Build.0 = Debug|Any CPU
		{CFC466C2-98C4-4D48-A9AC-97EF60FC96B2}.Debug|iPhoneSimulator.ActiveCfg = Debug|Any CPU
		{CFC466C2-98C4-4D48-A9AC-97EF60FC96B2}.Debug|iPhoneSimulator.Build.0 = Debug|Any CPU
		{CFC466C2-98C4-4D48-A9AC-97EF60FC96B2}.Debug|x64.ActiveCfg = Debug|Any CPU
		{CFC466C2-98C4-4D48-A9AC-97EF60FC96B2}.Debug|x64.Build.0 = Debug|Any CPU
		{CFC466C2-98C4-4D48-A9AC-97EF60FC96B2}.Debug|x86.ActiveCfg = Debug|Any CPU
		{CFC466C2-98C4-4D48-A9AC-97EF60FC96B2}.Debug|x86.Build.0 = Debug|Any CPU
		{CFC466C2-98C4-4D48-A9AC-97EF60FC96B2}.Release|Any CPU.ActiveCfg = Release|Any CPU
		{CFC466C2-98C4-4D48-A9AC-97EF60FC96B2}.Release|Any CPU.Build.0 = Release|Any CPU
		{CFC466C2-98C4-4D48-A9AC-97EF60FC96B2}.Release|ARM.ActiveCfg = Release|Any CPU
		{CFC466C2-98C4-4D48-A9AC-97EF60FC96B2}.Release|ARM.Build.0 = Release|Any CPU
		{CFC466C2-98C4-4D48-A9AC-97EF60FC96B2}.Release|ARM64.ActiveCfg = Release|Any CPU
		{CFC466C2-98C4-4D48-A9AC-97EF60FC96B2}.Release|ARM64.Build.0 = Release|Any CPU
		{CFC466C2-98C4-4D48-A9AC-97EF60FC96B2}.Release|iPhone.ActiveCfg = Release|Any CPU
		{CFC466C2-98C4-4D48-A9AC-97EF60FC96B2}.Release|iPhone.Build.0 = Release|Any CPU
		{CFC466C2-98C4-4D48-A9AC-97EF60FC96B2}.Release|iPhoneSimulator.ActiveCfg = Release|Any CPU
		{CFC466C2-98C4-4D48-A9AC-97EF60FC96B2}.Release|iPhoneSimulator.Build.0 = Release|Any CPU
		{CFC466C2-98C4-4D48-A9AC-97EF60FC96B2}.Release|x64.ActiveCfg = Release|Any CPU
		{CFC466C2-98C4-4D48-A9AC-97EF60FC96B2}.Release|x64.Build.0 = Release|Any CPU
		{CFC466C2-98C4-4D48-A9AC-97EF60FC96B2}.Release|x86.ActiveCfg = Release|Any CPU
		{CFC466C2-98C4-4D48-A9AC-97EF60FC96B2}.Release|x86.Build.0 = Release|Any CPU
		{BDBD5F38-0E5D-4B8B-ABB7-5BE3F4FEA3E4}.Debug|Any CPU.ActiveCfg = Debug|Any CPU
		{BDBD5F38-0E5D-4B8B-ABB7-5BE3F4FEA3E4}.Debug|Any CPU.Build.0 = Debug|Any CPU
		{BDBD5F38-0E5D-4B8B-ABB7-5BE3F4FEA3E4}.Debug|ARM.ActiveCfg = Debug|Any CPU
		{BDBD5F38-0E5D-4B8B-ABB7-5BE3F4FEA3E4}.Debug|ARM.Build.0 = Debug|Any CPU
		{BDBD5F38-0E5D-4B8B-ABB7-5BE3F4FEA3E4}.Debug|ARM64.ActiveCfg = Debug|Any CPU
		{BDBD5F38-0E5D-4B8B-ABB7-5BE3F4FEA3E4}.Debug|ARM64.Build.0 = Debug|Any CPU
		{BDBD5F38-0E5D-4B8B-ABB7-5BE3F4FEA3E4}.Debug|iPhone.ActiveCfg = Debug|Any CPU
		{BDBD5F38-0E5D-4B8B-ABB7-5BE3F4FEA3E4}.Debug|iPhone.Build.0 = Debug|Any CPU
		{BDBD5F38-0E5D-4B8B-ABB7-5BE3F4FEA3E4}.Debug|iPhoneSimulator.ActiveCfg = Debug|Any CPU
		{BDBD5F38-0E5D-4B8B-ABB7-5BE3F4FEA3E4}.Debug|iPhoneSimulator.Build.0 = Debug|Any CPU
		{BDBD5F38-0E5D-4B8B-ABB7-5BE3F4FEA3E4}.Debug|x64.ActiveCfg = Debug|Any CPU
		{BDBD5F38-0E5D-4B8B-ABB7-5BE3F4FEA3E4}.Debug|x64.Build.0 = Debug|Any CPU
		{BDBD5F38-0E5D-4B8B-ABB7-5BE3F4FEA3E4}.Debug|x86.ActiveCfg = Debug|Any CPU
		{BDBD5F38-0E5D-4B8B-ABB7-5BE3F4FEA3E4}.Debug|x86.Build.0 = Debug|Any CPU
		{BDBD5F38-0E5D-4B8B-ABB7-5BE3F4FEA3E4}.Release|Any CPU.ActiveCfg = Release|Any CPU
		{BDBD5F38-0E5D-4B8B-ABB7-5BE3F4FEA3E4}.Release|Any CPU.Build.0 = Release|Any CPU
		{BDBD5F38-0E5D-4B8B-ABB7-5BE3F4FEA3E4}.Release|ARM.ActiveCfg = Release|Any CPU
		{BDBD5F38-0E5D-4B8B-ABB7-5BE3F4FEA3E4}.Release|ARM.Build.0 = Release|Any CPU
		{BDBD5F38-0E5D-4B8B-ABB7-5BE3F4FEA3E4}.Release|ARM64.ActiveCfg = Release|Any CPU
		{BDBD5F38-0E5D-4B8B-ABB7-5BE3F4FEA3E4}.Release|ARM64.Build.0 = Release|Any CPU
		{BDBD5F38-0E5D-4B8B-ABB7-5BE3F4FEA3E4}.Release|iPhone.ActiveCfg = Release|Any CPU
		{BDBD5F38-0E5D-4B8B-ABB7-5BE3F4FEA3E4}.Release|iPhone.Build.0 = Release|Any CPU
		{BDBD5F38-0E5D-4B8B-ABB7-5BE3F4FEA3E4}.Release|iPhoneSimulator.ActiveCfg = Release|Any CPU
		{BDBD5F38-0E5D-4B8B-ABB7-5BE3F4FEA3E4}.Release|iPhoneSimulator.Build.0 = Release|Any CPU
		{BDBD5F38-0E5D-4B8B-ABB7-5BE3F4FEA3E4}.Release|x64.ActiveCfg = Release|Any CPU
		{BDBD5F38-0E5D-4B8B-ABB7-5BE3F4FEA3E4}.Release|x64.Build.0 = Release|Any CPU
		{BDBD5F38-0E5D-4B8B-ABB7-5BE3F4FEA3E4}.Release|x86.ActiveCfg = Release|Any CPU
		{BDBD5F38-0E5D-4B8B-ABB7-5BE3F4FEA3E4}.Release|x86.Build.0 = Release|Any CPU
		{5E2CFCAD-0EE9-415C-91D6-91BB61F38590}.Debug|Any CPU.ActiveCfg = Debug|Any CPU
		{5E2CFCAD-0EE9-415C-91D6-91BB61F38590}.Debug|Any CPU.Build.0 = Debug|Any CPU
		{5E2CFCAD-0EE9-415C-91D6-91BB61F38590}.Debug|ARM.ActiveCfg = Debug|Any CPU
		{5E2CFCAD-0EE9-415C-91D6-91BB61F38590}.Debug|ARM.Build.0 = Debug|Any CPU
		{5E2CFCAD-0EE9-415C-91D6-91BB61F38590}.Debug|ARM64.ActiveCfg = Debug|Any CPU
		{5E2CFCAD-0EE9-415C-91D6-91BB61F38590}.Debug|ARM64.Build.0 = Debug|Any CPU
		{5E2CFCAD-0EE9-415C-91D6-91BB61F38590}.Debug|iPhone.ActiveCfg = Debug|Any CPU
		{5E2CFCAD-0EE9-415C-91D6-91BB61F38590}.Debug|iPhone.Build.0 = Debug|Any CPU
		{5E2CFCAD-0EE9-415C-91D6-91BB61F38590}.Debug|iPhoneSimulator.ActiveCfg = Debug|Any CPU
		{5E2CFCAD-0EE9-415C-91D6-91BB61F38590}.Debug|iPhoneSimulator.Build.0 = Debug|Any CPU
		{5E2CFCAD-0EE9-415C-91D6-91BB61F38590}.Debug|x64.ActiveCfg = Debug|Any CPU
		{5E2CFCAD-0EE9-415C-91D6-91BB61F38590}.Debug|x64.Build.0 = Debug|Any CPU
		{5E2CFCAD-0EE9-415C-91D6-91BB61F38590}.Debug|x86.ActiveCfg = Debug|Any CPU
		{5E2CFCAD-0EE9-415C-91D6-91BB61F38590}.Debug|x86.Build.0 = Debug|Any CPU
		{5E2CFCAD-0EE9-415C-91D6-91BB61F38590}.Release|Any CPU.ActiveCfg = Release|Any CPU
		{5E2CFCAD-0EE9-415C-91D6-91BB61F38590}.Release|Any CPU.Build.0 = Release|Any CPU
		{5E2CFCAD-0EE9-415C-91D6-91BB61F38590}.Release|ARM.ActiveCfg = Release|Any CPU
		{5E2CFCAD-0EE9-415C-91D6-91BB61F38590}.Release|ARM.Build.0 = Release|Any CPU
		{5E2CFCAD-0EE9-415C-91D6-91BB61F38590}.Release|ARM64.ActiveCfg = Release|Any CPU
		{5E2CFCAD-0EE9-415C-91D6-91BB61F38590}.Release|ARM64.Build.0 = Release|Any CPU
		{5E2CFCAD-0EE9-415C-91D6-91BB61F38590}.Release|iPhone.ActiveCfg = Release|Any CPU
		{5E2CFCAD-0EE9-415C-91D6-91BB61F38590}.Release|iPhone.Build.0 = Release|Any CPU
		{5E2CFCAD-0EE9-415C-91D6-91BB61F38590}.Release|iPhoneSimulator.ActiveCfg = Release|Any CPU
		{5E2CFCAD-0EE9-415C-91D6-91BB61F38590}.Release|iPhoneSimulator.Build.0 = Release|Any CPU
		{5E2CFCAD-0EE9-415C-91D6-91BB61F38590}.Release|x64.ActiveCfg = Release|Any CPU
		{5E2CFCAD-0EE9-415C-91D6-91BB61F38590}.Release|x64.Build.0 = Release|Any CPU
		{5E2CFCAD-0EE9-415C-91D6-91BB61F38590}.Release|x86.ActiveCfg = Release|Any CPU
		{5E2CFCAD-0EE9-415C-91D6-91BB61F38590}.Release|x86.Build.0 = Release|Any CPU
		{1711024C-8BAB-4B17-8673-E162957757D9}.Debug|Any CPU.ActiveCfg = Debug|Any CPU
		{1711024C-8BAB-4B17-8673-E162957757D9}.Debug|Any CPU.Build.0 = Debug|Any CPU
		{1711024C-8BAB-4B17-8673-E162957757D9}.Debug|ARM.ActiveCfg = Debug|Any CPU
		{1711024C-8BAB-4B17-8673-E162957757D9}.Debug|ARM.Build.0 = Debug|Any CPU
		{1711024C-8BAB-4B17-8673-E162957757D9}.Debug|ARM64.ActiveCfg = Debug|Any CPU
		{1711024C-8BAB-4B17-8673-E162957757D9}.Debug|ARM64.Build.0 = Debug|Any CPU
		{1711024C-8BAB-4B17-8673-E162957757D9}.Debug|iPhone.ActiveCfg = Debug|Any CPU
		{1711024C-8BAB-4B17-8673-E162957757D9}.Debug|iPhone.Build.0 = Debug|Any CPU
		{1711024C-8BAB-4B17-8673-E162957757D9}.Debug|iPhoneSimulator.ActiveCfg = Debug|Any CPU
		{1711024C-8BAB-4B17-8673-E162957757D9}.Debug|iPhoneSimulator.Build.0 = Debug|Any CPU
		{1711024C-8BAB-4B17-8673-E162957757D9}.Debug|x64.ActiveCfg = Debug|Any CPU
		{1711024C-8BAB-4B17-8673-E162957757D9}.Debug|x64.Build.0 = Debug|Any CPU
		{1711024C-8BAB-4B17-8673-E162957757D9}.Debug|x86.ActiveCfg = Debug|Any CPU
		{1711024C-8BAB-4B17-8673-E162957757D9}.Debug|x86.Build.0 = Debug|Any CPU
		{1711024C-8BAB-4B17-8673-E162957757D9}.Release|Any CPU.ActiveCfg = Release|Any CPU
		{1711024C-8BAB-4B17-8673-E162957757D9}.Release|Any CPU.Build.0 = Release|Any CPU
		{1711024C-8BAB-4B17-8673-E162957757D9}.Release|ARM.ActiveCfg = Release|Any CPU
		{1711024C-8BAB-4B17-8673-E162957757D9}.Release|ARM.Build.0 = Release|Any CPU
		{1711024C-8BAB-4B17-8673-E162957757D9}.Release|ARM64.ActiveCfg = Release|Any CPU
		{1711024C-8BAB-4B17-8673-E162957757D9}.Release|ARM64.Build.0 = Release|Any CPU
		{1711024C-8BAB-4B17-8673-E162957757D9}.Release|iPhone.ActiveCfg = Release|Any CPU
		{1711024C-8BAB-4B17-8673-E162957757D9}.Release|iPhone.Build.0 = Release|Any CPU
		{1711024C-8BAB-4B17-8673-E162957757D9}.Release|iPhoneSimulator.ActiveCfg = Release|Any CPU
		{1711024C-8BAB-4B17-8673-E162957757D9}.Release|iPhoneSimulator.Build.0 = Release|Any CPU
		{1711024C-8BAB-4B17-8673-E162957757D9}.Release|x64.ActiveCfg = Release|Any CPU
		{1711024C-8BAB-4B17-8673-E162957757D9}.Release|x64.Build.0 = Release|Any CPU
		{1711024C-8BAB-4B17-8673-E162957757D9}.Release|x86.ActiveCfg = Release|Any CPU
		{1711024C-8BAB-4B17-8673-E162957757D9}.Release|x86.Build.0 = Release|Any CPU
		{D0C1022E-11A8-4B7C-ABB5-2E3DCF23D222}.Debug|Any CPU.ActiveCfg = Debug|Any CPU
		{D0C1022E-11A8-4B7C-ABB5-2E3DCF23D222}.Debug|Any CPU.Build.0 = Debug|Any CPU
		{D0C1022E-11A8-4B7C-ABB5-2E3DCF23D222}.Debug|ARM.ActiveCfg = Debug|Any CPU
		{D0C1022E-11A8-4B7C-ABB5-2E3DCF23D222}.Debug|ARM.Build.0 = Debug|Any CPU
		{D0C1022E-11A8-4B7C-ABB5-2E3DCF23D222}.Debug|ARM64.ActiveCfg = Debug|Any CPU
		{D0C1022E-11A8-4B7C-ABB5-2E3DCF23D222}.Debug|ARM64.Build.0 = Debug|Any CPU
		{D0C1022E-11A8-4B7C-ABB5-2E3DCF23D222}.Debug|iPhone.ActiveCfg = Debug|Any CPU
		{D0C1022E-11A8-4B7C-ABB5-2E3DCF23D222}.Debug|iPhone.Build.0 = Debug|Any CPU
		{D0C1022E-11A8-4B7C-ABB5-2E3DCF23D222}.Debug|iPhoneSimulator.ActiveCfg = Debug|Any CPU
		{D0C1022E-11A8-4B7C-ABB5-2E3DCF23D222}.Debug|iPhoneSimulator.Build.0 = Debug|Any CPU
		{D0C1022E-11A8-4B7C-ABB5-2E3DCF23D222}.Debug|x64.ActiveCfg = Debug|Any CPU
		{D0C1022E-11A8-4B7C-ABB5-2E3DCF23D222}.Debug|x64.Build.0 = Debug|Any CPU
		{D0C1022E-11A8-4B7C-ABB5-2E3DCF23D222}.Debug|x86.ActiveCfg = Debug|Any CPU
		{D0C1022E-11A8-4B7C-ABB5-2E3DCF23D222}.Debug|x86.Build.0 = Debug|Any CPU
		{D0C1022E-11A8-4B7C-ABB5-2E3DCF23D222}.Release|Any CPU.ActiveCfg = Release|Any CPU
		{D0C1022E-11A8-4B7C-ABB5-2E3DCF23D222}.Release|Any CPU.Build.0 = Release|Any CPU
		{D0C1022E-11A8-4B7C-ABB5-2E3DCF23D222}.Release|ARM.ActiveCfg = Release|Any CPU
		{D0C1022E-11A8-4B7C-ABB5-2E3DCF23D222}.Release|ARM.Build.0 = Release|Any CPU
		{D0C1022E-11A8-4B7C-ABB5-2E3DCF23D222}.Release|ARM64.ActiveCfg = Release|Any CPU
		{D0C1022E-11A8-4B7C-ABB5-2E3DCF23D222}.Release|ARM64.Build.0 = Release|Any CPU
		{D0C1022E-11A8-4B7C-ABB5-2E3DCF23D222}.Release|iPhone.ActiveCfg = Release|Any CPU
		{D0C1022E-11A8-4B7C-ABB5-2E3DCF23D222}.Release|iPhone.Build.0 = Release|Any CPU
		{D0C1022E-11A8-4B7C-ABB5-2E3DCF23D222}.Release|iPhoneSimulator.ActiveCfg = Release|Any CPU
		{D0C1022E-11A8-4B7C-ABB5-2E3DCF23D222}.Release|iPhoneSimulator.Build.0 = Release|Any CPU
		{D0C1022E-11A8-4B7C-ABB5-2E3DCF23D222}.Release|x64.ActiveCfg = Release|Any CPU
		{D0C1022E-11A8-4B7C-ABB5-2E3DCF23D222}.Release|x64.Build.0 = Release|Any CPU
		{D0C1022E-11A8-4B7C-ABB5-2E3DCF23D222}.Release|x86.ActiveCfg = Release|Any CPU
		{D0C1022E-11A8-4B7C-ABB5-2E3DCF23D222}.Release|x86.Build.0 = Release|Any CPU
		{62D46DFF-52C2-418E-AC24-21FED581D14F}.Debug|Any CPU.ActiveCfg = Debug|Any CPU
		{62D46DFF-52C2-418E-AC24-21FED581D14F}.Debug|Any CPU.Build.0 = Debug|Any CPU
		{62D46DFF-52C2-418E-AC24-21FED581D14F}.Debug|ARM.ActiveCfg = Debug|Any CPU
		{62D46DFF-52C2-418E-AC24-21FED581D14F}.Debug|ARM.Build.0 = Debug|Any CPU
		{62D46DFF-52C2-418E-AC24-21FED581D14F}.Debug|ARM64.ActiveCfg = Debug|Any CPU
		{62D46DFF-52C2-418E-AC24-21FED581D14F}.Debug|ARM64.Build.0 = Debug|Any CPU
		{62D46DFF-52C2-418E-AC24-21FED581D14F}.Debug|iPhone.ActiveCfg = Debug|Any CPU
		{62D46DFF-52C2-418E-AC24-21FED581D14F}.Debug|iPhone.Build.0 = Debug|Any CPU
		{62D46DFF-52C2-418E-AC24-21FED581D14F}.Debug|iPhoneSimulator.ActiveCfg = Debug|Any CPU
		{62D46DFF-52C2-418E-AC24-21FED581D14F}.Debug|iPhoneSimulator.Build.0 = Debug|Any CPU
		{62D46DFF-52C2-418E-AC24-21FED581D14F}.Debug|x64.ActiveCfg = Debug|Any CPU
		{62D46DFF-52C2-418E-AC24-21FED581D14F}.Debug|x64.Build.0 = Debug|Any CPU
		{62D46DFF-52C2-418E-AC24-21FED581D14F}.Debug|x86.ActiveCfg = Debug|Any CPU
		{62D46DFF-52C2-418E-AC24-21FED581D14F}.Debug|x86.Build.0 = Debug|Any CPU
		{62D46DFF-52C2-418E-AC24-21FED581D14F}.Release|Any CPU.ActiveCfg = Release|Any CPU
		{62D46DFF-52C2-418E-AC24-21FED581D14F}.Release|Any CPU.Build.0 = Release|Any CPU
		{62D46DFF-52C2-418E-AC24-21FED581D14F}.Release|ARM.ActiveCfg = Release|Any CPU
		{62D46DFF-52C2-418E-AC24-21FED581D14F}.Release|ARM.Build.0 = Release|Any CPU
		{62D46DFF-52C2-418E-AC24-21FED581D14F}.Release|ARM64.ActiveCfg = Release|Any CPU
		{62D46DFF-52C2-418E-AC24-21FED581D14F}.Release|ARM64.Build.0 = Release|Any CPU
		{62D46DFF-52C2-418E-AC24-21FED581D14F}.Release|iPhone.ActiveCfg = Release|Any CPU
		{62D46DFF-52C2-418E-AC24-21FED581D14F}.Release|iPhone.Build.0 = Release|Any CPU
		{62D46DFF-52C2-418E-AC24-21FED581D14F}.Release|iPhoneSimulator.ActiveCfg = Release|Any CPU
		{62D46DFF-52C2-418E-AC24-21FED581D14F}.Release|iPhoneSimulator.Build.0 = Release|Any CPU
		{62D46DFF-52C2-418E-AC24-21FED581D14F}.Release|x64.ActiveCfg = Release|Any CPU
		{62D46DFF-52C2-418E-AC24-21FED581D14F}.Release|x64.Build.0 = Release|Any CPU
		{62D46DFF-52C2-418E-AC24-21FED581D14F}.Release|x86.ActiveCfg = Release|Any CPU
		{62D46DFF-52C2-418E-AC24-21FED581D14F}.Release|x86.Build.0 = Release|Any CPU
		{1562ECF4-28F5-4929-A5C3-DE1B915F18D3}.Debug|Any CPU.ActiveCfg = Debug|Any CPU
		{1562ECF4-28F5-4929-A5C3-DE1B915F18D3}.Debug|Any CPU.Build.0 = Debug|Any CPU
		{1562ECF4-28F5-4929-A5C3-DE1B915F18D3}.Debug|Any CPU.Deploy.0 = Debug|Any CPU
		{1562ECF4-28F5-4929-A5C3-DE1B915F18D3}.Debug|ARM.ActiveCfg = Debug|Any CPU
		{1562ECF4-28F5-4929-A5C3-DE1B915F18D3}.Debug|ARM.Build.0 = Debug|Any CPU
		{1562ECF4-28F5-4929-A5C3-DE1B915F18D3}.Debug|ARM.Deploy.0 = Debug|Any CPU
		{1562ECF4-28F5-4929-A5C3-DE1B915F18D3}.Debug|ARM64.ActiveCfg = Debug|Any CPU
		{1562ECF4-28F5-4929-A5C3-DE1B915F18D3}.Debug|ARM64.Build.0 = Debug|Any CPU
		{1562ECF4-28F5-4929-A5C3-DE1B915F18D3}.Debug|ARM64.Deploy.0 = Debug|Any CPU
		{1562ECF4-28F5-4929-A5C3-DE1B915F18D3}.Debug|iPhone.ActiveCfg = Debug|Any CPU
		{1562ECF4-28F5-4929-A5C3-DE1B915F18D3}.Debug|iPhone.Build.0 = Debug|Any CPU
		{1562ECF4-28F5-4929-A5C3-DE1B915F18D3}.Debug|iPhone.Deploy.0 = Debug|Any CPU
		{1562ECF4-28F5-4929-A5C3-DE1B915F18D3}.Debug|iPhoneSimulator.ActiveCfg = Debug|Any CPU
		{1562ECF4-28F5-4929-A5C3-DE1B915F18D3}.Debug|iPhoneSimulator.Build.0 = Debug|Any CPU
		{1562ECF4-28F5-4929-A5C3-DE1B915F18D3}.Debug|iPhoneSimulator.Deploy.0 = Debug|Any CPU
		{1562ECF4-28F5-4929-A5C3-DE1B915F18D3}.Debug|x64.ActiveCfg = Debug|Any CPU
		{1562ECF4-28F5-4929-A5C3-DE1B915F18D3}.Debug|x64.Build.0 = Debug|Any CPU
		{1562ECF4-28F5-4929-A5C3-DE1B915F18D3}.Debug|x64.Deploy.0 = Debug|Any CPU
		{1562ECF4-28F5-4929-A5C3-DE1B915F18D3}.Debug|x86.ActiveCfg = Debug|Any CPU
		{1562ECF4-28F5-4929-A5C3-DE1B915F18D3}.Debug|x86.Build.0 = Debug|Any CPU
		{1562ECF4-28F5-4929-A5C3-DE1B915F18D3}.Debug|x86.Deploy.0 = Debug|Any CPU
		{1562ECF4-28F5-4929-A5C3-DE1B915F18D3}.Release|Any CPU.ActiveCfg = Release|Any CPU
		{1562ECF4-28F5-4929-A5C3-DE1B915F18D3}.Release|Any CPU.Build.0 = Release|Any CPU
		{1562ECF4-28F5-4929-A5C3-DE1B915F18D3}.Release|Any CPU.Deploy.0 = Release|Any CPU
		{1562ECF4-28F5-4929-A5C3-DE1B915F18D3}.Release|ARM.ActiveCfg = Release|Any CPU
		{1562ECF4-28F5-4929-A5C3-DE1B915F18D3}.Release|ARM.Build.0 = Release|Any CPU
		{1562ECF4-28F5-4929-A5C3-DE1B915F18D3}.Release|ARM.Deploy.0 = Release|Any CPU
		{1562ECF4-28F5-4929-A5C3-DE1B915F18D3}.Release|ARM64.ActiveCfg = Release|Any CPU
		{1562ECF4-28F5-4929-A5C3-DE1B915F18D3}.Release|ARM64.Build.0 = Release|Any CPU
		{1562ECF4-28F5-4929-A5C3-DE1B915F18D3}.Release|ARM64.Deploy.0 = Release|Any CPU
		{1562ECF4-28F5-4929-A5C3-DE1B915F18D3}.Release|iPhone.ActiveCfg = Release|Any CPU
		{1562ECF4-28F5-4929-A5C3-DE1B915F18D3}.Release|iPhone.Build.0 = Release|Any CPU
		{1562ECF4-28F5-4929-A5C3-DE1B915F18D3}.Release|iPhone.Deploy.0 = Release|Any CPU
		{1562ECF4-28F5-4929-A5C3-DE1B915F18D3}.Release|iPhoneSimulator.ActiveCfg = Release|Any CPU
		{1562ECF4-28F5-4929-A5C3-DE1B915F18D3}.Release|iPhoneSimulator.Build.0 = Release|Any CPU
		{1562ECF4-28F5-4929-A5C3-DE1B915F18D3}.Release|iPhoneSimulator.Deploy.0 = Release|Any CPU
		{1562ECF4-28F5-4929-A5C3-DE1B915F18D3}.Release|x64.ActiveCfg = Release|Any CPU
		{1562ECF4-28F5-4929-A5C3-DE1B915F18D3}.Release|x64.Build.0 = Release|Any CPU
		{1562ECF4-28F5-4929-A5C3-DE1B915F18D3}.Release|x64.Deploy.0 = Release|Any CPU
		{1562ECF4-28F5-4929-A5C3-DE1B915F18D3}.Release|x86.ActiveCfg = Release|Any CPU
		{1562ECF4-28F5-4929-A5C3-DE1B915F18D3}.Release|x86.Build.0 = Release|Any CPU
		{1562ECF4-28F5-4929-A5C3-DE1B915F18D3}.Release|x86.Deploy.0 = Release|Any CPU
		{0BBA6353-CE00-417A-A348-795DDEB9232A}.Debug|Any CPU.ActiveCfg = Debug|iPhone
		{0BBA6353-CE00-417A-A348-795DDEB9232A}.Debug|ARM.ActiveCfg = Debug|iPhone
		{0BBA6353-CE00-417A-A348-795DDEB9232A}.Debug|ARM64.ActiveCfg = Debug|iPhone
		{0BBA6353-CE00-417A-A348-795DDEB9232A}.Debug|iPhone.ActiveCfg = Debug|iPhone
		{0BBA6353-CE00-417A-A348-795DDEB9232A}.Debug|iPhone.Build.0 = Debug|iPhone
		{0BBA6353-CE00-417A-A348-795DDEB9232A}.Debug|iPhoneSimulator.ActiveCfg = Debug|iPhoneSimulator
		{0BBA6353-CE00-417A-A348-795DDEB9232A}.Debug|iPhoneSimulator.Build.0 = Debug|iPhoneSimulator
		{0BBA6353-CE00-417A-A348-795DDEB9232A}.Debug|x64.ActiveCfg = Debug|iPhone
		{0BBA6353-CE00-417A-A348-795DDEB9232A}.Debug|x86.ActiveCfg = Debug|iPhone
		{0BBA6353-CE00-417A-A348-795DDEB9232A}.Release|Any CPU.ActiveCfg = Release|iPhone
		{0BBA6353-CE00-417A-A348-795DDEB9232A}.Release|ARM.ActiveCfg = Release|iPhone
		{0BBA6353-CE00-417A-A348-795DDEB9232A}.Release|ARM64.ActiveCfg = Release|iPhone
		{0BBA6353-CE00-417A-A348-795DDEB9232A}.Release|iPhone.ActiveCfg = Release|iPhone
		{0BBA6353-CE00-417A-A348-795DDEB9232A}.Release|iPhone.Build.0 = Release|iPhone
		{0BBA6353-CE00-417A-A348-795DDEB9232A}.Release|iPhoneSimulator.ActiveCfg = Release|iPhoneSimulator
		{0BBA6353-CE00-417A-A348-795DDEB9232A}.Release|iPhoneSimulator.Build.0 = Release|iPhoneSimulator
		{0BBA6353-CE00-417A-A348-795DDEB9232A}.Release|x64.ActiveCfg = Release|iPhone
		{0BBA6353-CE00-417A-A348-795DDEB9232A}.Release|x86.ActiveCfg = Release|iPhone
		{7089448D-78DC-4507-8DC0-D05F58261B42}.Debug|Any CPU.ActiveCfg = Debug|Any CPU
		{7089448D-78DC-4507-8DC0-D05F58261B42}.Debug|Any CPU.Build.0 = Debug|Any CPU
		{7089448D-78DC-4507-8DC0-D05F58261B42}.Debug|ARM.ActiveCfg = Debug|Any CPU
		{7089448D-78DC-4507-8DC0-D05F58261B42}.Debug|ARM.Build.0 = Debug|Any CPU
		{7089448D-78DC-4507-8DC0-D05F58261B42}.Debug|ARM64.ActiveCfg = Debug|Any CPU
		{7089448D-78DC-4507-8DC0-D05F58261B42}.Debug|ARM64.Build.0 = Debug|Any CPU
		{7089448D-78DC-4507-8DC0-D05F58261B42}.Debug|iPhone.ActiveCfg = Debug|Any CPU
		{7089448D-78DC-4507-8DC0-D05F58261B42}.Debug|iPhone.Build.0 = Debug|Any CPU
		{7089448D-78DC-4507-8DC0-D05F58261B42}.Debug|iPhoneSimulator.ActiveCfg = Debug|Any CPU
		{7089448D-78DC-4507-8DC0-D05F58261B42}.Debug|iPhoneSimulator.Build.0 = Debug|Any CPU
		{7089448D-78DC-4507-8DC0-D05F58261B42}.Debug|x64.ActiveCfg = Debug|Any CPU
		{7089448D-78DC-4507-8DC0-D05F58261B42}.Debug|x64.Build.0 = Debug|Any CPU
		{7089448D-78DC-4507-8DC0-D05F58261B42}.Debug|x86.ActiveCfg = Debug|Any CPU
		{7089448D-78DC-4507-8DC0-D05F58261B42}.Debug|x86.Build.0 = Debug|Any CPU
		{7089448D-78DC-4507-8DC0-D05F58261B42}.Release|Any CPU.ActiveCfg = Release|Any CPU
		{7089448D-78DC-4507-8DC0-D05F58261B42}.Release|Any CPU.Build.0 = Release|Any CPU
		{7089448D-78DC-4507-8DC0-D05F58261B42}.Release|ARM.ActiveCfg = Release|Any CPU
		{7089448D-78DC-4507-8DC0-D05F58261B42}.Release|ARM.Build.0 = Release|Any CPU
		{7089448D-78DC-4507-8DC0-D05F58261B42}.Release|ARM64.ActiveCfg = Release|Any CPU
		{7089448D-78DC-4507-8DC0-D05F58261B42}.Release|ARM64.Build.0 = Release|Any CPU
		{7089448D-78DC-4507-8DC0-D05F58261B42}.Release|iPhone.ActiveCfg = Release|Any CPU
		{7089448D-78DC-4507-8DC0-D05F58261B42}.Release|iPhone.Build.0 = Release|Any CPU
		{7089448D-78DC-4507-8DC0-D05F58261B42}.Release|iPhoneSimulator.ActiveCfg = Release|Any CPU
		{7089448D-78DC-4507-8DC0-D05F58261B42}.Release|iPhoneSimulator.Build.0 = Release|Any CPU
		{7089448D-78DC-4507-8DC0-D05F58261B42}.Release|x64.ActiveCfg = Release|Any CPU
		{7089448D-78DC-4507-8DC0-D05F58261B42}.Release|x64.Build.0 = Release|Any CPU
		{7089448D-78DC-4507-8DC0-D05F58261B42}.Release|x86.ActiveCfg = Release|Any CPU
		{7089448D-78DC-4507-8DC0-D05F58261B42}.Release|x86.Build.0 = Release|Any CPU
		{71395577-42C4-4A87-A0E1-2519E10EF2C4}.Debug|Any CPU.ActiveCfg = Debug|Any CPU
		{71395577-42C4-4A87-A0E1-2519E10EF2C4}.Debug|Any CPU.Build.0 = Debug|Any CPU
		{71395577-42C4-4A87-A0E1-2519E10EF2C4}.Debug|ARM.ActiveCfg = Debug|Any CPU
		{71395577-42C4-4A87-A0E1-2519E10EF2C4}.Debug|ARM.Build.0 = Debug|Any CPU
		{71395577-42C4-4A87-A0E1-2519E10EF2C4}.Debug|ARM64.ActiveCfg = Debug|Any CPU
		{71395577-42C4-4A87-A0E1-2519E10EF2C4}.Debug|ARM64.Build.0 = Debug|Any CPU
		{71395577-42C4-4A87-A0E1-2519E10EF2C4}.Debug|iPhone.ActiveCfg = Debug|Any CPU
		{71395577-42C4-4A87-A0E1-2519E10EF2C4}.Debug|iPhone.Build.0 = Debug|Any CPU
		{71395577-42C4-4A87-A0E1-2519E10EF2C4}.Debug|iPhoneSimulator.ActiveCfg = Debug|Any CPU
		{71395577-42C4-4A87-A0E1-2519E10EF2C4}.Debug|iPhoneSimulator.Build.0 = Debug|Any CPU
		{71395577-42C4-4A87-A0E1-2519E10EF2C4}.Debug|x64.ActiveCfg = Debug|Any CPU
		{71395577-42C4-4A87-A0E1-2519E10EF2C4}.Debug|x64.Build.0 = Debug|Any CPU
		{71395577-42C4-4A87-A0E1-2519E10EF2C4}.Debug|x86.ActiveCfg = Debug|Any CPU
		{71395577-42C4-4A87-A0E1-2519E10EF2C4}.Debug|x86.Build.0 = Debug|Any CPU
		{71395577-42C4-4A87-A0E1-2519E10EF2C4}.Release|Any CPU.ActiveCfg = Release|Any CPU
		{71395577-42C4-4A87-A0E1-2519E10EF2C4}.Release|Any CPU.Build.0 = Release|Any CPU
		{71395577-42C4-4A87-A0E1-2519E10EF2C4}.Release|ARM.ActiveCfg = Release|Any CPU
		{71395577-42C4-4A87-A0E1-2519E10EF2C4}.Release|ARM.Build.0 = Release|Any CPU
		{71395577-42C4-4A87-A0E1-2519E10EF2C4}.Release|ARM64.ActiveCfg = Release|Any CPU
		{71395577-42C4-4A87-A0E1-2519E10EF2C4}.Release|ARM64.Build.0 = Release|Any CPU
		{71395577-42C4-4A87-A0E1-2519E10EF2C4}.Release|iPhone.ActiveCfg = Release|Any CPU
		{71395577-42C4-4A87-A0E1-2519E10EF2C4}.Release|iPhone.Build.0 = Release|Any CPU
		{71395577-42C4-4A87-A0E1-2519E10EF2C4}.Release|iPhoneSimulator.ActiveCfg = Release|Any CPU
		{71395577-42C4-4A87-A0E1-2519E10EF2C4}.Release|iPhoneSimulator.Build.0 = Release|Any CPU
		{71395577-42C4-4A87-A0E1-2519E10EF2C4}.Release|x64.ActiveCfg = Release|Any CPU
		{71395577-42C4-4A87-A0E1-2519E10EF2C4}.Release|x64.Build.0 = Release|Any CPU
		{71395577-42C4-4A87-A0E1-2519E10EF2C4}.Release|x86.ActiveCfg = Release|Any CPU
		{71395577-42C4-4A87-A0E1-2519E10EF2C4}.Release|x86.Build.0 = Release|Any CPU
		{F42B0187-3815-4FE8-B8AD-B5C94656416F}.Debug|Any CPU.ActiveCfg = Debug|Any CPU
		{F42B0187-3815-4FE8-B8AD-B5C94656416F}.Debug|Any CPU.Build.0 = Debug|Any CPU
		{F42B0187-3815-4FE8-B8AD-B5C94656416F}.Debug|ARM.ActiveCfg = Debug|Any CPU
		{F42B0187-3815-4FE8-B8AD-B5C94656416F}.Debug|ARM.Build.0 = Debug|Any CPU
		{F42B0187-3815-4FE8-B8AD-B5C94656416F}.Debug|ARM64.ActiveCfg = Debug|Any CPU
		{F42B0187-3815-4FE8-B8AD-B5C94656416F}.Debug|ARM64.Build.0 = Debug|Any CPU
		{F42B0187-3815-4FE8-B8AD-B5C94656416F}.Debug|iPhone.ActiveCfg = Debug|Any CPU
		{F42B0187-3815-4FE8-B8AD-B5C94656416F}.Debug|iPhone.Build.0 = Debug|Any CPU
		{F42B0187-3815-4FE8-B8AD-B5C94656416F}.Debug|iPhoneSimulator.ActiveCfg = Debug|Any CPU
		{F42B0187-3815-4FE8-B8AD-B5C94656416F}.Debug|iPhoneSimulator.Build.0 = Debug|Any CPU
		{F42B0187-3815-4FE8-B8AD-B5C94656416F}.Debug|x64.ActiveCfg = Debug|Any CPU
		{F42B0187-3815-4FE8-B8AD-B5C94656416F}.Debug|x64.Build.0 = Debug|Any CPU
		{F42B0187-3815-4FE8-B8AD-B5C94656416F}.Debug|x86.ActiveCfg = Debug|Any CPU
		{F42B0187-3815-4FE8-B8AD-B5C94656416F}.Debug|x86.Build.0 = Debug|Any CPU
		{F42B0187-3815-4FE8-B8AD-B5C94656416F}.Release|Any CPU.ActiveCfg = Release|Any CPU
		{F42B0187-3815-4FE8-B8AD-B5C94656416F}.Release|Any CPU.Build.0 = Release|Any CPU
		{F42B0187-3815-4FE8-B8AD-B5C94656416F}.Release|ARM.ActiveCfg = Release|Any CPU
		{F42B0187-3815-4FE8-B8AD-B5C94656416F}.Release|ARM.Build.0 = Release|Any CPU
		{F42B0187-3815-4FE8-B8AD-B5C94656416F}.Release|ARM64.ActiveCfg = Release|Any CPU
		{F42B0187-3815-4FE8-B8AD-B5C94656416F}.Release|ARM64.Build.0 = Release|Any CPU
		{F42B0187-3815-4FE8-B8AD-B5C94656416F}.Release|iPhone.ActiveCfg = Release|Any CPU
		{F42B0187-3815-4FE8-B8AD-B5C94656416F}.Release|iPhone.Build.0 = Release|Any CPU
		{F42B0187-3815-4FE8-B8AD-B5C94656416F}.Release|iPhoneSimulator.ActiveCfg = Release|Any CPU
		{F42B0187-3815-4FE8-B8AD-B5C94656416F}.Release|iPhoneSimulator.Build.0 = Release|Any CPU
		{F42B0187-3815-4FE8-B8AD-B5C94656416F}.Release|x64.ActiveCfg = Release|Any CPU
		{F42B0187-3815-4FE8-B8AD-B5C94656416F}.Release|x64.Build.0 = Release|Any CPU
		{F42B0187-3815-4FE8-B8AD-B5C94656416F}.Release|x86.ActiveCfg = Release|Any CPU
		{F42B0187-3815-4FE8-B8AD-B5C94656416F}.Release|x86.Build.0 = Release|Any CPU
		{4B9D0B83-5002-4D51-B65C-5D2DB80F016D}.Debug|Any CPU.ActiveCfg = Debug|Any CPU
		{4B9D0B83-5002-4D51-B65C-5D2DB80F016D}.Debug|Any CPU.Build.0 = Debug|Any CPU
		{4B9D0B83-5002-4D51-B65C-5D2DB80F016D}.Debug|ARM.ActiveCfg = Debug|Any CPU
		{4B9D0B83-5002-4D51-B65C-5D2DB80F016D}.Debug|ARM.Build.0 = Debug|Any CPU
		{4B9D0B83-5002-4D51-B65C-5D2DB80F016D}.Debug|ARM64.ActiveCfg = Debug|Any CPU
		{4B9D0B83-5002-4D51-B65C-5D2DB80F016D}.Debug|ARM64.Build.0 = Debug|Any CPU
		{4B9D0B83-5002-4D51-B65C-5D2DB80F016D}.Debug|iPhone.ActiveCfg = Debug|Any CPU
		{4B9D0B83-5002-4D51-B65C-5D2DB80F016D}.Debug|iPhone.Build.0 = Debug|Any CPU
		{4B9D0B83-5002-4D51-B65C-5D2DB80F016D}.Debug|iPhoneSimulator.ActiveCfg = Debug|Any CPU
		{4B9D0B83-5002-4D51-B65C-5D2DB80F016D}.Debug|iPhoneSimulator.Build.0 = Debug|Any CPU
		{4B9D0B83-5002-4D51-B65C-5D2DB80F016D}.Debug|x64.ActiveCfg = Debug|Any CPU
		{4B9D0B83-5002-4D51-B65C-5D2DB80F016D}.Debug|x64.Build.0 = Debug|Any CPU
		{4B9D0B83-5002-4D51-B65C-5D2DB80F016D}.Debug|x86.ActiveCfg = Debug|Any CPU
		{4B9D0B83-5002-4D51-B65C-5D2DB80F016D}.Debug|x86.Build.0 = Debug|Any CPU
		{4B9D0B83-5002-4D51-B65C-5D2DB80F016D}.Release|Any CPU.ActiveCfg = Release|Any CPU
		{4B9D0B83-5002-4D51-B65C-5D2DB80F016D}.Release|Any CPU.Build.0 = Release|Any CPU
		{4B9D0B83-5002-4D51-B65C-5D2DB80F016D}.Release|ARM.ActiveCfg = Release|Any CPU
		{4B9D0B83-5002-4D51-B65C-5D2DB80F016D}.Release|ARM.Build.0 = Release|Any CPU
		{4B9D0B83-5002-4D51-B65C-5D2DB80F016D}.Release|ARM64.ActiveCfg = Release|Any CPU
		{4B9D0B83-5002-4D51-B65C-5D2DB80F016D}.Release|ARM64.Build.0 = Release|Any CPU
		{4B9D0B83-5002-4D51-B65C-5D2DB80F016D}.Release|iPhone.ActiveCfg = Release|Any CPU
		{4B9D0B83-5002-4D51-B65C-5D2DB80F016D}.Release|iPhone.Build.0 = Release|Any CPU
		{4B9D0B83-5002-4D51-B65C-5D2DB80F016D}.Release|iPhoneSimulator.ActiveCfg = Release|Any CPU
		{4B9D0B83-5002-4D51-B65C-5D2DB80F016D}.Release|iPhoneSimulator.Build.0 = Release|Any CPU
		{4B9D0B83-5002-4D51-B65C-5D2DB80F016D}.Release|x64.ActiveCfg = Release|Any CPU
		{4B9D0B83-5002-4D51-B65C-5D2DB80F016D}.Release|x64.Build.0 = Release|Any CPU
		{4B9D0B83-5002-4D51-B65C-5D2DB80F016D}.Release|x86.ActiveCfg = Release|Any CPU
		{4B9D0B83-5002-4D51-B65C-5D2DB80F016D}.Release|x86.Build.0 = Release|Any CPU
	EndGlobalSection
	GlobalSection(SolutionProperties) = preSolution
		HideSolutionNode = FALSE
	EndGlobalSection
	GlobalSection(NestedProjects) = preSolution
		{5E2CFCAD-0EE9-415C-91D6-91BB61F38590} = {0F975378-AC67-46E5-B91A-53B6783E4D74}
		{1711024C-8BAB-4B17-8673-E162957757D9} = {21C506D4-5F8A-4E85-A076-A8591E09F1CF}
		{D0C1022E-11A8-4B7C-ABB5-2E3DCF23D222} = {21C506D4-5F8A-4E85-A076-A8591E09F1CF}
		{1562ECF4-28F5-4929-A5C3-DE1B915F18D3} = {9C127D4A-C79A-4ACE-99D3-62F1543332A0}
		{0BBA6353-CE00-417A-A348-795DDEB9232A} = {9C127D4A-C79A-4ACE-99D3-62F1543332A0}
		{7089448D-78DC-4507-8DC0-D05F58261B42} = {9C127D4A-C79A-4ACE-99D3-62F1543332A0}
		{9C127D4A-C79A-4ACE-99D3-62F1543332A0} = {0F975378-AC67-46E5-B91A-53B6783E4D74}
		{F42B0187-3815-4FE8-B8AD-B5C94656416F} = {21C506D4-5F8A-4E85-A076-A8591E09F1CF}
	EndGlobalSection
	GlobalSection(ExtensibilityGlobals) = postSolution
		SolutionGuid = {0684A7CE-8711-4F75-A4CC-7B4318DE1EDA}
	EndGlobalSection
EndGlobal
